
Microsoft Visual Studio Solution File, Format Version 12.00
# Visual Studio Version 17
VisualStudioVersion = 17.13.35931.197 d17.13
MinimumVisualStudioVersion = 10.0.40219.1
Project("{FAE04EC0-301F-11D3-BF4B-00C04F79EFBC}") = "HospitalOPD", "HospitalOPD\HospitalOPD.csproj", "{EEC2AA53-8581-4E26-8D43-C7E95FFAB95C}"
EndProject
Global
	GlobalSection(SolutionConfigurationPlatforms) = preSolution
		Debug|Any CPU = Debug|Any CPU
		Release|Any CPU = Release|Any CPU
	EndGlobalSection
	GlobalSection(ProjectConfigurationPlatforms) = postSolution
		{EEC2AA53-8581-4E26-8D43-C7E95FFAB95C}.Debug|Any CPU.ActiveCfg = Debug|Any CPU
		{EEC2AA53-8581-4E26-8D43-C7E95FFAB95C}.Debug|Any CPU.Build.0 = Debug|Any CPU
		{EEC2AA53-8581-4E26-8D43-C7E95FFAB95C}.Release|Any CPU.ActiveCfg = Release|Any CPU
		{EEC2AA53-8581-4E26-8D43-C7E95FFAB95C}.Release|Any CPU.Build.0 = Release|Any CPU
	EndGlobalSection
	GlobalSection(SolutionProperties) = preSolution
		HideSolutionNode = FALSE
	EndGlobalSection
	GlobalSection(ExtensibilityGlobals) = postSolution
		SolutionGuid = {13CD65E1-D839-4654-8BCA-9F7EA708E3D6}
	EndGlobalSection
EndGlobal
