
Microsoft Visual Studio Solution File, Format Version 12.00
# Visual Studio Version 17
VisualStudioVersion = 17.13.35931.197 d17.13
MinimumVisualStudioVersion = 10.0.40219.1
Project("{FAE04EC0-301F-11D3-BF4B-00C04F79EFBC}") = "T-Shirt App", "T-Shirt App\T-Shirt App.csproj", "{F6BB9B12-FAB3-4BF0-95EB-BD650C542F85}"
EndProject
Global
	GlobalSection(SolutionConfigurationPlatforms) = preSolution
		Debug|Any CPU = Debug|Any CPU
		Release|Any CPU = Release|Any CPU
	EndGlobalSection
	GlobalSection(ProjectConfigurationPlatforms) = postSolution
		{F6BB9B12-FAB3-4BF0-95EB-BD650C542F85}.Debug|Any CPU.ActiveCfg = Debug|Any CPU
		{F6BB9B12-FAB3-4BF0-95EB-BD650C542F85}.Debug|Any CPU.Build.0 = Debug|Any CPU
		{F6BB9B12-FAB3-4BF0-95EB-BD650C542F85}.Release|Any CPU.ActiveCfg = Release|Any CPU
		{F6BB9B12-FAB3-4BF0-95EB-BD650C542F85}.Release|Any CPU.Build.0 = Release|Any CPU
	EndGlobalSection
	GlobalSection(SolutionProperties) = preSolution
		HideSolutionNode = FALSE
	EndGlobalSection
	GlobalSection(ExtensibilityGlobals) = postSolution
		SolutionGuid = {04DE6701-74CD-42D8-BA19-860153A26700}
	EndGlobalSection
EndGlobal
